
Microsoft Visual Studio Solution File, Format Version 12.00
# Visual Studio Version 17
VisualStudioVersion = 17.12.35527.113 d17.12
MinimumVisualStudioVersion = 10.0.40219.1
Project("{FAE04EC0-301F-11D3-BF4B-00C04F79EFBC}") = "calculator", "calculator.csproj", "{398DC7AA-0DE8-421E-9B9B-E97DC11A0A6B}"
EndProject
Global
	GlobalSection(SolutionConfigurationPlatforms) = preSolution
		Debug|Any CPU = Debug|Any CPU
		Release|Any CPU = Release|Any CPU
	EndGlobalSection
	GlobalSection(ProjectConfigurationPlatforms) = postSolution
		{398DC7AA-0DE8-421E-9B9B-E97DC11A0A6B}.Debug|Any CPU.ActiveCfg = Debug|Any CPU
		{398DC7AA-0DE8-421E-9B9B-E97DC11A0A6B}.Debug|Any CPU.Build.0 = Debug|Any CPU
		{398DC7AA-0DE8-421E-9B9B-E97DC11A0A6B}.Release|Any CPU.ActiveCfg = Release|Any CPU
		{398DC7AA-0DE8-421E-9B9B-E97DC11A0A6B}.Release|Any CPU.Build.0 = Release|Any CPU
	EndGlobalSection
	GlobalSection(SolutionProperties) = preSolution
		HideSolutionNode = FALSE
	EndGlobalSection
EndGlobal
